
Microsoft Visual Studio Solution File, Format Version 12.00
# Visual Studio Version 17
VisualStudioVersion = 17.3.32901.215
MinimumVisualStudioVersion = 10.0.40219.1
Project("{FAE04EC0-301F-11D3-BF4B-00C04F79EFBC}") = "csharp-functions", "csharp-functions.csproj", "{D958043F-89E9-4422-8C66-5D46FF178F3D}"
EndProject
Global
	GlobalSection(SolutionConfigurationPlatforms) = preSolution
		Debug|Any CPU = Debug|Any CPU
		Release|Any CPU = Release|Any CPU
	EndGlobalSection
	GlobalSection(ProjectConfigurationPlatforms) = postSolution
		{D958043F-89E9-4422-8C66-5D46FF178F3D}.Debug|Any CPU.ActiveCfg = Debug|Any CPU
		{D958043F-89E9-4422-8C66-5D46FF178F3D}.Debug|Any CPU.Build.0 = Debug|Any CPU
		{D958043F-89E9-4422-8C66-5D46FF178F3D}.Release|Any CPU.ActiveCfg = Release|Any CPU
		{D958043F-89E9-4422-8C66-5D46FF178F3D}.Release|Any CPU.Build.0 = Release|Any CPU
	EndGlobalSection
	GlobalSection(SolutionProperties) = preSolution
		HideSolutionNode = FALSE
	EndGlobalSection
	GlobalSection(ExtensibilityGlobals) = postSolution
		SolutionGuid = {75D0FFEB-2BA4-40AD-89C1-703577FB5E08}
	EndGlobalSection
EndGlobal
